// !$*UTF8*$!
{
	archiveVersion = 1;
	classes = {
	};
	objectVersion = 50;
	objects = {

/* Begin PBXBuildFile section */
		60903D59259772D200DCE51F /* Sparkle.framework in Frameworks */ = {isa = PBXBuildFile; fileRef = 60903D58259772D200DCE51F /* Sparkle.framework */; };
		60903D5B259775C100DCE51F /* Sparkle.framework in CopyFiles */ = {isa = PBXBuildFile; fileRef = 60903D58259772D200DCE51F /* Sparkle.framework */; settings = {ATTRIBUTES = (CodeSignOnCopy, RemoveHeadersOnCopy, ); }; };
		60903D6C259787B200DCE51F /* LetsMove.framework in Frameworks */ = {isa = PBXBuildFile; fileRef = 60903D6B259787B200DCE51F /* LetsMove.framework */; };
		60903D6D2597880000DCE51F /* LetsMove.framework in CopyFiles */ = {isa = PBXBuildFile; fileRef = 60903D6B259787B200DCE51F /* LetsMove.framework */; settings = {ATTRIBUTES = (CodeSignOnCopy, RemoveHeadersOnCopy, ); }; };
		60903D702597884600DCE51F /* Security.framework in Frameworks */ = {isa = PBXBuildFile; fileRef = 60903D6F2597884600DCE51F /* Security.framework */; };
		60CAB93125960EFA007AEA2F /* HomeyApp.swift in Sources */ = {isa = PBXBuildFile; fileRef = 60CAB93025960EFA007AEA2F /* HomeyApp.swift */; };
		60CAB93325960EFA007AEA2F /* ContentView.swift in Sources */ = {isa = PBXBuildFile; fileRef = 60CAB93225960EFA007AEA2F /* ContentView.swift */; };
		60CAB93525960EFB007AEA2F /* Assets.xcassets in Resources */ = {isa = PBXBuildFile; fileRef = 60CAB93425960EFB007AEA2F /* Assets.xcassets */; };
		60CAB93825960EFB007AEA2F /* Preview Assets.xcassets in Resources */ = {isa = PBXBuildFile; fileRef = 60CAB93725960EFB007AEA2F /* Preview Assets.xcassets */; };
/* End PBXBuildFile section */

/* Begin PBXCopyFilesBuildPhase section */
		60903D5A2597757100DCE51F /* CopyFiles */ = {
			isa = PBXCopyFilesBuildPhase;
			buildActionMask = 2147483647;
			dstPath = "";
			dstSubfolderSpec = 10;
			files = (
				60903D5B259775C100DCE51F /* Sparkle.framework in CopyFiles */,
				60903D6D2597880000DCE51F /* LetsMove.framework in CopyFiles */,
			);
			runOnlyForDeploymentPostprocessing = 0;
		};
/* End PBXCopyFilesBuildPhase section */

/* Begin PBXFileReference section */
		60903D58259772D200DCE51F /* Sparkle.framework */ = {isa = PBXFileReference; lastKnownFileType = wrapper.framework; path = Sparkle.framework; sourceTree = "<group>"; };
		60903D6B259787B200DCE51F /* LetsMove.framework */ = {isa = PBXFileReference; lastKnownFileType = wrapper.framework; path = LetsMove.framework; sourceTree = "<group>"; };
		60903D6F2597884600DCE51F /* Security.framework */ = {isa = PBXFileReference; lastKnownFileType = wrapper.framework; name = Security.framework; path = System/Library/Frameworks/Security.framework; sourceTree = SDKROOT; };
		60CAB92D25960EFA007AEA2F /* Homey.app */ = {isa = PBXFileReference; explicitFileType = wrapper.application; includeInIndex = 0; path = Homey.app; sourceTree = BUILT_PRODUCTS_DIR; };
		60CAB93025960EFA007AEA2F /* HomeyApp.swift */ = {isa = PBXFileReference; lastKnownFileType = sourcecode.swift; path = HomeyApp.swift; sourceTree = "<group>"; };
		60CAB93225960EFA007AEA2F /* ContentView.swift */ = {isa = PBXFileReference; lastKnownFileType = sourcecode.swift; path = ContentView.swift; sourceTree = "<group>"; };
		60CAB93425960EFB007AEA2F /* Assets.xcassets */ = {isa = PBXFileReference; lastKnownFileType = folder.assetcatalog; path = Assets.xcassets; sourceTree = "<group>"; };
		60CAB93725960EFB007AEA2F /* Preview Assets.xcassets */ = {isa = PBXFileReference; lastKnownFileType = folder.assetcatalog; path = "Preview Assets.xcassets"; sourceTree = "<group>"; };
		60CAB93925960EFB007AEA2F /* Info.plist */ = {isa = PBXFileReference; lastKnownFileType = text.plist.xml; path = Info.plist; sourceTree = "<group>"; };
		60CAB93A25960EFB007AEA2F /* Homey.entitlements */ = {isa = PBXFileReference; lastKnownFileType = text.plist.entitlements; path = Homey.entitlements; sourceTree = "<group>"; };
/* End PBXFileReference section */

/* Begin PBXFrameworksBuildPhase section */
		60CAB92A25960EFA007AEA2F /* Frameworks */ = {
			isa = PBXFrameworksBuildPhase;
			buildActionMask = 2147483647;
			files = (
				60903D702597884600DCE51F /* Security.framework in Frameworks */,
				60903D59259772D200DCE51F /* Sparkle.framework in Frameworks */,
				60903D6C259787B200DCE51F /* LetsMove.framework in Frameworks */,
			);
			runOnlyForDeploymentPostprocessing = 0;
		};
/* End PBXFrameworksBuildPhase section */

/* Begin PBXGroup section */
		60903D502597715A00DCE51F /* Frameworks */ = {
			isa = PBXGroup;
			children = (
				60903D6B259787B200DCE51F /* LetsMove.framework */,
				60903D58259772D200DCE51F /* Sparkle.framework */,
			);
			path = Frameworks;
			sourceTree = "<group>";
		};
		60903D6E2597884600DCE51F /* Frameworks */ = {
			isa = PBXGroup;
			children = (
				60903D6F2597884600DCE51F /* Security.framework */,
			);
			name = Frameworks;
			sourceTree = "<group>";
		};
		60CAB92425960EFA007AEA2F = {
			isa = PBXGroup;
			children = (
				60CAB92F25960EFA007AEA2F /* Homey */,
				60CAB92E25960EFA007AEA2F /* Products */,
				60903D6E2597884600DCE51F /* Frameworks */,
			);
			sourceTree = "<group>";
		};
		60CAB92E25960EFA007AEA2F /* Products */ = {
			isa = PBXGroup;
			children = (
				60CAB92D25960EFA007AEA2F /* Homey.app */,
			);
			name = Products;
			sourceTree = "<group>";
		};
		60CAB92F25960EFA007AEA2F /* Homey */ = {
			isa = PBXGroup;
			children = (
				60903D502597715A00DCE51F /* Frameworks */,
				60CAB94B259615F0007AEA2F /* Assets */,
				60CAB93025960EFA007AEA2F /* HomeyApp.swift */,
				60CAB93225960EFA007AEA2F /* ContentView.swift */,
				60CAB93425960EFB007AEA2F /* Assets.xcassets */,
				60CAB93925960EFB007AEA2F /* Info.plist */,
				60CAB93A25960EFB007AEA2F /* Homey.entitlements */,
				60CAB93625960EFB007AEA2F /* Preview Content */,
			);
			path = Homey;
			sourceTree = "<group>";
		};
		60CAB93625960EFB007AEA2F /* Preview Content */ = {
			isa = PBXGroup;
			children = (
				60CAB93725960EFB007AEA2F /* Preview Assets.xcassets */,
			);
			path = "Preview Content";
			sourceTree = "<group>";
		};
		60CAB94B259615F0007AEA2F /* Assets */ = {
			isa = PBXGroup;
			children = (
			);
			path = Assets;
			sourceTree = "<group>";
		};
/* End PBXGroup section */

/* Begin PBXNativeTarget section */
		60CAB92C25960EFA007AEA2F /* Homey */ = {
			isa = PBXNativeTarget;
			buildConfigurationList = 60CAB93D25960EFB007AEA2F /* Build configuration list for PBXNativeTarget "Homey" */;
			buildPhases = (
				60CAB92925960EFA007AEA2F /* Sources */,
				60CAB92A25960EFA007AEA2F /* Frameworks */,
				60CAB92B25960EFA007AEA2F /* Resources */,
				60903D5A2597757100DCE51F /* CopyFiles */,
			);
			buildRules = (
			);
			dependencies = (
			);
			name = Homey;
			productName = Homey;
			productReference = 60CAB92D25960EFA007AEA2F /* Homey.app */;
			productType = "com.apple.product-type.application";
		};
/* End PBXNativeTarget section */

/* Begin PBXProject section */
		60CAB92525960EFA007AEA2F /* Project object */ = {
			isa = PBXProject;
			attributes = {
				LastSwiftUpdateCheck = 1230;
				LastUpgradeCheck = 1230;
				TargetAttributes = {
					60CAB92C25960EFA007AEA2F = {
						CreatedOnToolsVersion = 12.3;
					};
				};
			};
			buildConfigurationList = 60CAB92825960EFA007AEA2F /* Build configuration list for PBXProject "Homey" */;
			compatibilityVersion = "Xcode 9.3";
			developmentRegion = en;
			hasScannedForEncodings = 0;
			knownRegions = (
				en,
				Base,
			);
			mainGroup = 60CAB92425960EFA007AEA2F;
			productRefGroup = 60CAB92E25960EFA007AEA2F /* Products */;
			projectDirPath = "";
			projectRoot = "";
			targets = (
				60CAB92C25960EFA007AEA2F /* Homey */,
			);
		};
/* End PBXProject section */

/* Begin PBXResourcesBuildPhase section */
		60CAB92B25960EFA007AEA2F /* Resources */ = {
			isa = PBXResourcesBuildPhase;
			buildActionMask = 2147483647;
			files = (
				60CAB93825960EFB007AEA2F /* Preview Assets.xcassets in Resources */,
				60CAB93525960EFB007AEA2F /* Assets.xcassets in Resources */,
			);
			runOnlyForDeploymentPostprocessing = 0;
		};
/* End PBXResourcesBuildPhase section */

/* Begin PBXSourcesBuildPhase section */
		60CAB92925960EFA007AEA2F /* Sources */ = {
			isa = PBXSourcesBuildPhase;
			buildActionMask = 2147483647;
			files = (
				60CAB93325960EFA007AEA2F /* ContentView.swift in Sources */,
				60CAB93125960EFA007AEA2F /* HomeyApp.swift in Sources */,
			);
			runOnlyForDeploymentPostprocessing = 0;
		};
/* End PBXSourcesBuildPhase section */

/* Begin XCBuildConfiguration section */
		60CAB93B25960EFB007AEA2F /* Debug */ = {
			isa = XCBuildConfiguration;
			buildSettings = {
				ALWAYS_SEARCH_USER_PATHS = NO;
				CLANG_ANALYZER_NONNULL = YES;
				CLANG_ANALYZER_NUMBER_OBJECT_CONVERSION = YES_AGGRESSIVE;
				CLANG_CXX_LANGUAGE_STANDARD = "gnu++14";
				CLANG_CXX_LIBRARY = "libc++";
				CLANG_ENABLE_MODULES = YES;
				CLANG_ENABLE_OBJC_ARC = YES;
				CLANG_ENABLE_OBJC_WEAK = YES;
				CLANG_WARN_BLOCK_CAPTURE_AUTORELEASING = YES;
				CLANG_WARN_BOOL_CONVERSION = YES;
				CLANG_WARN_COMMA = YES;
				CLANG_WARN_CONSTANT_CONVERSION = YES;
				CLANG_WARN_DEPRECATED_OBJC_IMPLEMENTATIONS = YES;
				CLANG_WARN_DIRECT_OBJC_ISA_USAGE = YES_ERROR;
				CLANG_WARN_DOCUMENTATION_COMMENTS = YES;
				CLANG_WARN_EMPTY_BODY = YES;
				CLANG_WARN_ENUM_CONVERSION = YES;
				CLANG_WARN_INFINITE_RECURSION = YES;
				CLANG_WARN_INT_CONVERSION = YES;
				CLANG_WARN_NON_LITERAL_NULL_CONVERSION = YES;
				CLANG_WARN_OBJC_IMPLICIT_RETAIN_SELF = YES;
				CLANG_WARN_OBJC_LITERAL_CONVERSION = YES;
				CLANG_WARN_OBJC_ROOT_CLASS = YES_ERROR;
				CLANG_WARN_QUOTED_INCLUDE_IN_FRAMEWORK_HEADER = YES;
				CLANG_WARN_RANGE_LOOP_ANALYSIS = YES;
				CLANG_WARN_STRICT_PROTOTYPES = YES;
				CLANG_WARN_SUSPICIOUS_MOVE = YES;
				CLANG_WARN_UNGUARDED_AVAILABILITY = YES_AGGRESSIVE;
				CLANG_WARN_UNREACHABLE_CODE = YES;
				CLANG_WARN__DUPLICATE_METHOD_MATCH = YES;
				COPY_PHASE_STRIP = NO;
				DEBUG_INFORMATION_FORMAT = dwarf;
				ENABLE_STRICT_OBJC_MSGSEND = YES;
				ENABLE_TESTABILITY = YES;
				GCC_C_LANGUAGE_STANDARD = gnu11;
				GCC_DYNAMIC_NO_PIC = NO;
				GCC_NO_COMMON_BLOCKS = YES;
				GCC_OPTIMIZATION_LEVEL = 0;
				GCC_PREPROCESSOR_DEFINITIONS = (
					"DEBUG=1",
					"$(inherited)",
				);
				GCC_WARN_64_TO_32_BIT_CONVERSION = YES;
				GCC_WARN_ABOUT_RETURN_TYPE = YES_ERROR;
				GCC_WARN_UNDECLARED_SELECTOR = YES;
				GCC_WARN_UNINITIALIZED_AUTOS = YES_AGGRESSIVE;
				GCC_WARN_UNUSED_FUNCTION = YES;
				GCC_WARN_UNUSED_VARIABLE = YES;
				MACOSX_DEPLOYMENT_TARGET = 11.1;
				MTL_ENABLE_DEBUG_INFO = INCLUDE_SOURCE;
				MTL_FAST_MATH = YES;
				ONLY_ACTIVE_ARCH = YES;
				SDKROOT = macosx;
				SWIFT_ACTIVE_COMPILATION_CONDITIONS = DEBUG;
				SWIFT_OPTIMIZATION_LEVEL = "-Onone";
			};
			name = Debug;
		};
		60CAB93C25960EFB007AEA2F /* Release */ = {
			isa = XCBuildConfiguration;
			buildSettings = {
				ALWAYS_SEARCH_USER_PATHS = NO;
				CLANG_ANALYZER_NONNULL = YES;
				CLANG_ANALYZER_NUMBER_OBJECT_CONVERSION = YES_AGGRESSIVE;
				CLANG_CXX_LANGUAGE_STANDARD = "gnu++14";
				CLANG_CXX_LIBRARY = "libc++";
				CLANG_ENABLE_MODULES = YES;
				CLANG_ENABLE_OBJC_ARC = YES;
				CLANG_ENABLE_OBJC_WEAK = YES;
				CLANG_WARN_BLOCK_CAPTURE_AUTORELEASING = YES;
				CLANG_WARN_BOOL_CONVERSION = YES;
				CLANG_WARN_COMMA = YES;
				CLANG_WARN_CONSTANT_CONVERSION = YES;
				CLANG_WARN_DEPRECATED_OBJC_IMPLEMENTATIONS = YES;
				CLANG_WARN_DIRECT_OBJC_ISA_USAGE = YES_ERROR;
				CLANG_WARN_DOCUMENTATION_COMMENTS = YES;
				CLANG_WARN_EMPTY_BODY = YES;
				CLANG_WARN_ENUM_CONVERSION = YES;
				CLANG_WARN_INFINITE_RECURSION = YES;
				CLANG_WARN_INT_CONVERSION = YES;
				CLANG_WARN_NON_LITERAL_NULL_CONVERSION = YES;
				CLANG_WARN_OBJC_IMPLICIT_RETAIN_SELF = YES;
				CLANG_WARN_OBJC_LITERAL_CONVERSION = YES;
				CLANG_WARN_OBJC_ROOT_CLASS = YES_ERROR;
				CLANG_WARN_QUOTED_INCLUDE_IN_FRAMEWORK_HEADER = YES;
				CLANG_WARN_RANGE_LOOP_ANALYSIS = YES;
				CLANG_WARN_STRICT_PROTOTYPES = YES;
				CLANG_WARN_SUSPICIOUS_MOVE = YES;
				CLANG_WARN_UNGUARDED_AVAILABILITY = YES_AGGRESSIVE;
				CLANG_WARN_UNREACHABLE_CODE = YES;
				CLANG_WARN__DUPLICATE_METHOD_MATCH = YES;
				COPY_PHASE_STRIP = NO;
				DEBUG_INFORMATION_FORMAT = "dwarf-with-dsym";
				ENABLE_NS_ASSERTIONS = NO;
				ENABLE_STRICT_OBJC_MSGSEND = YES;
				GCC_C_LANGUAGE_STANDARD = gnu11;
				GCC_NO_COMMON_BLOCKS = YES;
				GCC_WARN_64_TO_32_BIT_CONVERSION = YES;
				GCC_WARN_ABOUT_RETURN_TYPE = YES_ERROR;
				GCC_WARN_UNDECLARED_SELECTOR = YES;
				GCC_WARN_UNINITIALIZED_AUTOS = YES_AGGRESSIVE;
				GCC_WARN_UNUSED_FUNCTION = YES;
				GCC_WARN_UNUSED_VARIABLE = YES;
				MACOSX_DEPLOYMENT_TARGET = 11.1;
				MTL_ENABLE_DEBUG_INFO = NO;
				MTL_FAST_MATH = YES;
				SDKROOT = macosx;
				SWIFT_COMPILATION_MODE = wholemodule;
				SWIFT_OPTIMIZATION_LEVEL = "-O";
			};
			name = Release;
		};
		60CAB93E25960EFB007AEA2F /* Debug */ = {
			isa = XCBuildConfiguration;
			buildSettings = {
				ASSETCATALOG_COMPILER_APPICON_NAME = AppIcon;
				ASSETCATALOG_COMPILER_GLOBAL_ACCENT_COLOR_NAME = AccentColor;
				CODE_SIGN_ENTITLEMENTS = Homey/Homey.entitlements;
				CODE_SIGN_IDENTITY = "Apple Development";
				CODE_SIGN_STYLE = Automatic;
				COMBINE_HIDPI_IMAGES = YES;
				CURRENT_PROJECT_VERSION = 2;
				DEVELOPMENT_ASSET_PATHS = "\"Homey/Preview Content\"";
				DEVELOPMENT_TEAM = UMR24L9Q8W;
				ENABLE_HARDENED_RUNTIME = YES;
				ENABLE_PREVIEWS = YES;
				EXCLUDED_ARCHS = arm64;
				FRAMEWORK_SEARCH_PATHS = (
					"$(inherited)",
					"$(PROJECT_DIR)/Homey/Frameworks",
				);
				INFOPLIST_FILE = Homey/Info.plist;
				LD_RUNPATH_SEARCH_PATHS = (
					"$(inherited)",
					"@loader_path/../Frameworks",
					"@executable_path/../Frameworks",
				);
				MACOSX_DEPLOYMENT_TARGET = 11.0;
				MARKETING_VERSION = 1.1;
				PRODUCT_BUNDLE_IDENTIFIER = app.homey.macos;
				PRODUCT_NAME = "$(TARGET_NAME)";
				SWIFT_VERSION = 5.0;
			};
			name = Debug;
		};
		60CAB93F25960EFB007AEA2F /* Release */ = {
			isa = XCBuildConfiguration;
			buildSettings = {
				ASSETCATALOG_COMPILER_APPICON_NAME = AppIcon;
				ASSETCATALOG_COMPILER_GLOBAL_ACCENT_COLOR_NAME = AccentColor;
				CODE_SIGN_ENTITLEMENTS = Homey/Homey.entitlements;
				CODE_SIGN_IDENTITY = "Apple Development";
				CODE_SIGN_STYLE = Automatic;
				COMBINE_HIDPI_IMAGES = YES;
				CURRENT_PROJECT_VERSION = 2;
				DEVELOPMENT_ASSET_PATHS = "\"Homey/Preview Content\"";
				DEVELOPMENT_TEAM = UMR24L9Q8W;
				ENABLE_HARDENED_RUNTIME = YES;
				ENABLE_PREVIEWS = YES;
				EXCLUDED_ARCHS = arm64;
				FRAMEWORK_SEARCH_PATHS = (
					"$(inherited)",
					"$(PROJECT_DIR)/Homey/Frameworks",
				);
				INFOPLIST_FILE = Homey/Info.plist;
				LD_RUNPATH_SEARCH_PATHS = (
					"$(inherited)",
					"@loader_path/../Frameworks",
					"@executable_path/../Frameworks",
				);
				MACOSX_DEPLOYMENT_TARGET = 11.0;
				MARKETING_VERSION = 1.1;
				PRODUCT_BUNDLE_IDENTIFIER = app.homey.macos;
				PRODUCT_NAME = "$(TARGET_NAME)";
				SWIFT_VERSION = 5.0;
			};
			name = Release;
		};
/* End XCBuildConfiguration section */

/* Begin XCConfigurationList section */
		60CAB92825960EFA007AEA2F /* Build configuration list for PBXProject "Homey" */ = {
			isa = XCConfigurationList;
			buildConfigurations = (
				60CAB93B25960EFB007AEA2F /* Debug */,
				60CAB93C25960EFB007AEA2F /* Release */,
			);
			defaultConfigurationIsVisible = 0;
			defaultConfigurationName = Release;
		};
		60CAB93D25960EFB007AEA2F /* Build configuration list for PBXNativeTarget "Homey" */ = {
			isa = XCConfigurationList;
			buildConfigurations = (
				60CAB93E25960EFB007AEA2F /* Debug */,
				60CAB93F25960EFB007AEA2F /* Release */,
			);
			defaultConfigurationIsVisible = 0;
			defaultConfigurationName = Release;
		};
/* End XCConfigurationList section */
	};
	rootObject = 60CAB92525960EFA007AEA2F /* Project object */;
}
